
Microsoft Visual Studio Solution File, Format Version 12.00
# Visual Studio Version 16
VisualStudioVersion = 16.0.31515.178
MinimumVisualStudioVersion = 10.0.40219.1
Project("{FAE04EC0-301F-11D3-BF4B-00C04F79EFBC}") = "mouseappvisio", "mouseappvisio.csproj", "{552B0EAB-EC3E-4AF1-A393-29319DF82D76}"
EndProject
Global
	GlobalSection(SolutionConfigurationPlatforms) = preSolution
		Debug|Any CPU = Debug|Any CPU
		Release|Any CPU = Release|Any CPU
	EndGlobalSection
	GlobalSection(ProjectConfigurationPlatforms) = postSolution
		{552B0EAB-EC3E-4AF1-A393-29319DF82D76}.Debug|Any CPU.ActiveCfg = Debug|Any CPU
		{552B0EAB-EC3E-4AF1-A393-29319DF82D76}.Debug|Any CPU.Build.0 = Debug|Any CPU
		{552B0EAB-EC3E-4AF1-A393-29319DF82D76}.Release|Any CPU.ActiveCfg = Release|Any CPU
		{552B0EAB-EC3E-4AF1-A393-29319DF82D76}.Release|Any CPU.Build.0 = Release|Any CPU
	EndGlobalSection
	GlobalSection(SolutionProperties) = preSolution
		HideSolutionNode = FALSE
	EndGlobalSection
	GlobalSection(ExtensibilityGlobals) = postSolution
		SolutionGuid = {EDC6D8D7-333E-4000-B131-A79D35A0ABCE}
	EndGlobalSection
EndGlobal
